
Microsoft Visual Studio Solution File, Format Version 12.00
# Visual Studio 15
VisualStudioVersion = 15.0.26124.0
MinimumVisualStudioVersion = 15.0.26124.0
Project("{FAE04EC0-301F-11D3-BF4B-00C04F79EFBC}") = "Core", "Core\Core.csproj", "{E1EDFA72-1F06-4649-BF7D-E52C908EF7A7}"
EndProject
Project("{FAE04EC0-301F-11D3-BF4B-00C04F79EFBC}") = "Infrastructure", "Infrastructure\Infrastructure.csproj", "{CCBDA362-8D83-4BE8-B415-65B0D5CE96F9}"
EndProject
Project("{FAE04EC0-301F-11D3-BF4B-00C04F79EFBC}") = "WebApi", "WebApi\WebApi.csproj", "{B6193E1D-AB85-422D-B25F-217C734E7911}"
EndProject
Global
	GlobalSection(SolutionProperties) = preSolution
		HideSolutionNode = FALSE
	EndGlobalSection
	GlobalSection(SolutionConfigurationPlatforms) = preSolution
		Debug|Any CPU = Debug|Any CPU
		Debug|x64 = Debug|x64
		Debug|x86 = Debug|x86
		Release|Any CPU = Release|Any CPU
		Release|x64 = Release|x64
		Release|x86 = Release|x86
	EndGlobalSection
	GlobalSection(ProjectConfigurationPlatforms) = postSolution
		{E1EDFA72-1F06-4649-BF7D-E52C908EF7A7}.Debug|Any CPU.ActiveCfg = Debug|Any CPU
		{E1EDFA72-1F06-4649-BF7D-E52C908EF7A7}.Debug|Any CPU.Build.0 = Debug|Any CPU
		{E1EDFA72-1F06-4649-BF7D-E52C908EF7A7}.Debug|x64.ActiveCfg = Debug|Any CPU
		{E1EDFA72-1F06-4649-BF7D-E52C908EF7A7}.Debug|x64.Build.0 = Debug|Any CPU
		{E1EDFA72-1F06-4649-BF7D-E52C908EF7A7}.Debug|x86.ActiveCfg = Debug|Any CPU
		{E1EDFA72-1F06-4649-BF7D-E52C908EF7A7}.Debug|x86.Build.0 = Debug|Any CPU
		{E1EDFA72-1F06-4649-BF7D-E52C908EF7A7}.Release|Any CPU.ActiveCfg = Release|Any CPU
		{E1EDFA72-1F06-4649-BF7D-E52C908EF7A7}.Release|Any CPU.Build.0 = Release|Any CPU
		{E1EDFA72-1F06-4649-BF7D-E52C908EF7A7}.Release|x64.ActiveCfg = Release|Any CPU
		{E1EDFA72-1F06-4649-BF7D-E52C908EF7A7}.Release|x64.Build.0 = Release|Any CPU
		{E1EDFA72-1F06-4649-BF7D-E52C908EF7A7}.Release|x86.ActiveCfg = Release|Any CPU
		{E1EDFA72-1F06-4649-BF7D-E52C908EF7A7}.Release|x86.Build.0 = Release|Any CPU
		{CCBDA362-8D83-4BE8-B415-65B0D5CE96F9}.Debug|Any CPU.ActiveCfg = Debug|Any CPU
		{CCBDA362-8D83-4BE8-B415-65B0D5CE96F9}.Debug|Any CPU.Build.0 = Debug|Any CPU
		{CCBDA362-8D83-4BE8-B415-65B0D5CE96F9}.Debug|x64.ActiveCfg = Debug|Any CPU
		{CCBDA362-8D83-4BE8-B415-65B0D5CE96F9}.Debug|x64.Build.0 = Debug|Any CPU
		{CCBDA362-8D83-4BE8-B415-65B0D5CE96F9}.Debug|x86.ActiveCfg = Debug|Any CPU
		{CCBDA362-8D83-4BE8-B415-65B0D5CE96F9}.Debug|x86.Build.0 = Debug|Any CPU
		{CCBDA362-8D83-4BE8-B415-65B0D5CE96F9}.Release|Any CPU.ActiveCfg = Release|Any CPU
		{CCBDA362-8D83-4BE8-B415-65B0D5CE96F9}.Release|Any CPU.Build.0 = Release|Any CPU
		{CCBDA362-8D83-4BE8-B415-65B0D5CE96F9}.Release|x64.ActiveCfg = Release|Any CPU
		{CCBDA362-8D83-4BE8-B415-65B0D5CE96F9}.Release|x64.Build.0 = Release|Any CPU
		{CCBDA362-8D83-4BE8-B415-65B0D5CE96F9}.Release|x86.ActiveCfg = Release|Any CPU
		{CCBDA362-8D83-4BE8-B415-65B0D5CE96F9}.Release|x86.Build.0 = Release|Any CPU
		{B6193E1D-AB85-422D-B25F-217C734E7911}.Debug|Any CPU.ActiveCfg = Debug|Any CPU
		{B6193E1D-AB85-422D-B25F-217C734E7911}.Debug|Any CPU.Build.0 = Debug|Any CPU
		{B6193E1D-AB85-422D-B25F-217C734E7911}.Debug|x64.ActiveCfg = Debug|Any CPU
		{B6193E1D-AB85-422D-B25F-217C734E7911}.Debug|x64.Build.0 = Debug|Any CPU
		{B6193E1D-AB85-422D-B25F-217C734E7911}.Debug|x86.ActiveCfg = Debug|Any CPU
		{B6193E1D-AB85-422D-B25F-217C734E7911}.Debug|x86.Build.0 = Debug|Any CPU
		{B6193E1D-AB85-422D-B25F-217C734E7911}.Release|Any CPU.ActiveCfg = Release|Any CPU
		{B6193E1D-AB85-422D-B25F-217C734E7911}.Release|Any CPU.Build.0 = Release|Any CPU
		{B6193E1D-AB85-422D-B25F-217C734E7911}.Release|x64.ActiveCfg = Release|Any CPU
		{B6193E1D-AB85-422D-B25F-217C734E7911}.Release|x64.Build.0 = Release|Any CPU
		{B6193E1D-AB85-422D-B25F-217C734E7911}.Release|x86.ActiveCfg = Release|Any CPU
		{B6193E1D-AB85-422D-B25F-217C734E7911}.Release|x86.Build.0 = Release|Any CPU
	EndGlobalSection
EndGlobal
